// !$*UTF8*$!
{
	archiveVersion = 1;
	classes = {
	};
	objectVersion = 77;
	objects = {

/* Begin PBXBuildFile section */
		B9BC33602FD6D70000F40E35 /* MaohuobanDiagnostics in Frameworks */ = {isa = PBXBuildFile; productRef = B9BC33612FD6D70000F40E35 /* MaohuobanDiagnostics */; };
		B9BC33642FD7100000F40E35 /* AppIntents.framework in Frameworks */ = {isa = PBXBuildFile; fileRef = B9BC33632FD7100000F40E35 /* AppIntents.framework */; };
		B9BC33702FD7200000F40E35 /* MaohuobanDesignSystem in Frameworks */ = {isa = PBXBuildFile; productRef = B9BC33712FD7200000F40E35 /* MaohuobanDesignSystem */; };
		B9BC338B2FD8900000F40E35 /* AppIntents.framework in Frameworks */ = {isa = PBXBuildFile; fileRef = B9BC33632FD7100000F40E35 /* AppIntents.framework */; };
		B9BC33972FD8A20000F40E35 /* AppIntents.framework in Frameworks */ = {isa = PBXBuildFile; fileRef = B9BC33632FD7100000F40E35 /* AppIntents.framework */; };
		B9BC33A12FD9800000F40E35 /* Proton in Frameworks */ = {isa = PBXBuildFile; productRef = B9BC33A02FD9800000F40E35 /* Proton */; };
/* End PBXBuildFile section */

/* Begin PBXContainerItemProxy section */
		B9BC33892FD8800000F40E35 /* PBXContainerItemProxy */ = {
			isa = PBXContainerItemProxy;
			containerPortal = B9BC33452FD6C95400F40E35 /* Project object */;
			proxyType = 1;
			remoteGlobalIDString = B9BC334C2FD6C95400F40E35;
			remoteInfo = maohuoban;
		};
		B9BC33922FD8A00000F40E35 /* PBXContainerItemProxy */ = {
			isa = PBXContainerItemProxy;
			containerPortal = B9BC33452FD6C95400F40E35 /* Project object */;
			proxyType = 1;
			remoteGlobalIDString = B9BC334C2FD6C95400F40E35;
			remoteInfo = maohuoban;
		};
/* End PBXContainerItemProxy section */

/* Begin PBXFileReference section */
		B9BC334D2FD6C95400F40E35 /* maohuoban.app */ = {isa = PBXFileReference; explicitFileType = wrapper.application; includeInIndex = 0; path = maohuoban.app; sourceTree = BUILT_PRODUCTS_DIR; };
		B9BC33632FD7100000F40E35 /* AppIntents.framework */ = {isa = PBXFileReference; lastKnownFileType = wrapper.framework; name = AppIntents.framework; path = System/Library/Frameworks/AppIntents.framework; sourceTree = SDKROOT; };
		B9BC33802FD8800000F40E35 /* maohuobanUITests.xctest */ = {isa = PBXFileReference; explicitFileType = wrapper.cfbundle; includeInIndex = 0; path = maohuobanUITests.xctest; sourceTree = BUILT_PRODUCTS_DIR; };
		B9BC338C2FD8A00000F40E35 /* maohuobanTests.xctest */ = {isa = PBXFileReference; explicitFileType = wrapper.cfbundle; includeInIndex = 0; path = maohuobanTests.xctest; sourceTree = BUILT_PRODUCTS_DIR; };
/* End PBXFileReference section */

/* Begin PBXFileSystemSynchronizedRootGroup section */
		B9BC334F2FD6C95400F40E35 /* maohuoban */ = {
			isa = PBXFileSystemSynchronizedRootGroup;
			path = maohuoban;
			sourceTree = "<group>";
		};
		B9BC33812FD8800000F40E35 /* maohuobanUITests */ = {
			isa = PBXFileSystemSynchronizedRootGroup;
			path = maohuobanUITests;
			sourceTree = "<group>";
		};
		B9BC338D2FD8A00000F40E35 /* maohuobanTests */ = {
			isa = PBXFileSystemSynchronizedRootGroup;
			path = maohuobanTests;
			sourceTree = "<group>";
		};
/* End PBXFileSystemSynchronizedRootGroup section */

/* Begin PBXFrameworksBuildPhase section */
		B9BC334A2FD6C95400F40E35 /* Frameworks */ = {
			isa = PBXFrameworksBuildPhase;
			buildActionMask = 2147483647;
			files = (
				B9BC33642FD7100000F40E35 /* AppIntents.framework in Frameworks */,
				B9BC33702FD7200000F40E35 /* MaohuobanDesignSystem in Frameworks */,
				B9BC33602FD6D70000F40E35 /* MaohuobanDiagnostics in Frameworks */,
				B9BC33A12FD9800000F40E35 /* Proton in Frameworks */,
			);
			runOnlyForDeploymentPostprocessing = 0;
		};
		B9BC33832FD8800000F40E35 /* Frameworks */ = {
			isa = PBXFrameworksBuildPhase;
			buildActionMask = 2147483647;
			files = (
				B9BC338B2FD8900000F40E35 /* AppIntents.framework in Frameworks */,
			);
			runOnlyForDeploymentPostprocessing = 0;
		};
		B9BC338F2FD8A00000F40E35 /* Frameworks */ = {
			isa = PBXFrameworksBuildPhase;
			buildActionMask = 2147483647;
			files = (
				B9BC33972FD8A20000F40E35 /* AppIntents.framework in Frameworks */,
			);
			runOnlyForDeploymentPostprocessing = 0;
		};
/* End PBXFrameworksBuildPhase section */

/* Begin PBXGroup section */
		B9BC33442FD6C95400F40E35 = {
			isa = PBXGroup;
			children = (
				B9BC334F2FD6C95400F40E35 /* maohuoban */,
				B9BC338D2FD8A00000F40E35 /* maohuobanTests */,
				B9BC33812FD8800000F40E35 /* maohuobanUITests */,
				B9BC33652FD7100000F40E35 /* Frameworks */,
				B9BC334E2FD6C95400F40E35 /* Products */,
			);
			sourceTree = "<group>";
		};
		B9BC334E2FD6C95400F40E35 /* Products */ = {
			isa = PBXGroup;
			children = (
				B9BC334D2FD6C95400F40E35 /* maohuoban.app */,
				B9BC338C2FD8A00000F40E35 /* maohuobanTests.xctest */,
				B9BC33802FD8800000F40E35 /* maohuobanUITests.xctest */,
			);
			name = Products;
			sourceTree = "<group>";
		};
		B9BC33652FD7100000F40E35 /* Frameworks */ = {
			isa = PBXGroup;
			children = (
				B9BC33632FD7100000F40E35 /* AppIntents.framework */,
			);
			name = Frameworks;
			sourceTree = "<group>";
		};
/* End PBXGroup section */

/* Begin PBXNativeTarget section */
		B9BC334C2FD6C95400F40E35 /* maohuoban */ = {
			isa = PBXNativeTarget;
			buildConfigurationList = B9BC33582FD6C95400F40E35 /* Build configuration list for PBXNativeTarget "maohuoban" */;
			buildPhases = (
				B9BC33492FD6C95400F40E35 /* Sources */,
				B9BC334A2FD6C95400F40E35 /* Frameworks */,
				B9BC334B2FD6C95400F40E35 /* Resources */,
			);
			buildRules = (
			);
			dependencies = (
			);
			fileSystemSynchronizedGroups = (
				B9BC334F2FD6C95400F40E35 /* maohuoban */,
			);
			name = maohuoban;
			packageProductDependencies = (
				B9BC33612FD6D70000F40E35 /* MaohuobanDiagnostics */,
				B9BC33712FD7200000F40E35 /* MaohuobanDesignSystem */,
				B9BC33A02FD9800000F40E35 /* Proton */,
			);
			productName = maohuoban;
			productReference = B9BC334D2FD6C95400F40E35 /* maohuoban.app */;
			productType = "com.apple.product-type.application";
		};
		B9BC33852FD8800000F40E35 /* maohuobanUITests */ = {
			isa = PBXNativeTarget;
			buildConfigurationList = B9BC33862FD8800000F40E35 /* Build configuration list for PBXNativeTarget "maohuobanUITests" */;
			buildPhases = (
				B9BC33822FD8800000F40E35 /* Sources */,
				B9BC33832FD8800000F40E35 /* Frameworks */,
				B9BC33842FD8800000F40E35 /* Resources */,
			);
			buildRules = (
			);
			dependencies = (
				B9BC338A2FD8800000F40E35 /* PBXTargetDependency */,
			);
			fileSystemSynchronizedGroups = (
				B9BC33812FD8800000F40E35 /* maohuobanUITests */,
			);
			name = maohuobanUITests;
			packageProductDependencies = (
			);
			productName = maohuobanUITests;
			productReference = B9BC33802FD8800000F40E35 /* maohuobanUITests.xctest */;
			productType = "com.apple.product-type.bundle.ui-testing";
		};
		B9BC338E2FD8A00000F40E35 /* maohuobanTests */ = {
			isa = PBXNativeTarget;
			buildConfigurationList = B9BC33942FD8A00000F40E35 /* Build configuration list for PBXNativeTarget "maohuobanTests" */;
			buildPhases = (
				B9BC33902FD8A00000F40E35 /* Sources */,
				B9BC338F2FD8A00000F40E35 /* Frameworks */,
				B9BC33912FD8A00000F40E35 /* Resources */,
			);
			buildRules = (
			);
			dependencies = (
				B9BC33932FD8A00000F40E35 /* PBXTargetDependency */,
			);
			fileSystemSynchronizedGroups = (
				B9BC338D2FD8A00000F40E35 /* maohuobanTests */,
			);
			name = maohuobanTests;
			packageProductDependencies = (
			);
			productName = maohuobanTests;
			productReference = B9BC338C2FD8A00000F40E35 /* maohuobanTests.xctest */;
			productType = "com.apple.product-type.bundle.unit-test";
		};
/* End PBXNativeTarget section */

/* Begin PBXProject section */
		B9BC33452FD6C95400F40E35 /* Project object */ = {
			isa = PBXProject;
			attributes = {
				BuildIndependentTargetsInParallel = 1;
				LastSwiftUpdateCheck = 2650;
				LastUpgradeCheck = 2700;
				TargetAttributes = {
					B9BC334C2FD6C95400F40E35 = {
						CreatedOnToolsVersion = 27.0;
					};
					B9BC338E2FD8A00000F40E35 = {
						CreatedOnToolsVersion = 27.0;
						TestTargetID = B9BC334C2FD6C95400F40E35;
					};
				};
			};
			buildConfigurationList = B9BC33482FD6C95400F40E35 /* Build configuration list for PBXProject "maohuoban" */;
			developmentRegion = "zh-Hans";
			hasScannedForEncodings = 0;
			knownRegions = (
				"zh-Hans",
				Base,
			);
			mainGroup = B9BC33442FD6C95400F40E35;
			minimizedProjectReferenceProxies = 1;
			packageReferences = (
				B9BC33622FD6D70000F40E35 /* XCLocalSwiftPackageReference "../maohuoban-diagnostics-sdk/swift" */,
				B9BC33722FD7200000F40E35 /* XCLocalSwiftPackageReference "Packages/MaohuobanDesignSystem" */,
				B9BC33A22FD9800000F40E35 /* XCRemoteSwiftPackageReference "proton" */,
			);
			preferredProjectObjectVersion = 77;
			productRefGroup = B9BC334E2FD6C95400F40E35 /* Products */;
			projectDirPath = "";
			projectRoot = "";
			targets = (
				B9BC334C2FD6C95400F40E35 /* maohuoban */,
				B9BC338E2FD8A00000F40E35 /* maohuobanTests */,
				B9BC33852FD8800000F40E35 /* maohuobanUITests */,
			);
		};
/* End PBXProject section */

/* Begin PBXResourcesBuildPhase section */
		B9BC334B2FD6C95400F40E35 /* Resources */ = {
			isa = PBXResourcesBuildPhase;
			buildActionMask = 2147483647;
			files = (
			);
			runOnlyForDeploymentPostprocessing = 0;
		};
		B9BC33842FD8800000F40E35 /* Resources */ = {
			isa = PBXResourcesBuildPhase;
			buildActionMask = 2147483647;
			files = (
			);
			runOnlyForDeploymentPostprocessing = 0;
		};
		B9BC33912FD8A00000F40E35 /* Resources */ = {
			isa = PBXResourcesBuildPhase;
			buildActionMask = 2147483647;
			files = (
			);
			runOnlyForDeploymentPostprocessing = 0;
		};
/* End PBXResourcesBuildPhase section */

/* Begin PBXSourcesBuildPhase section */
		B9BC33492FD6C95400F40E35 /* Sources */ = {
			isa = PBXSourcesBuildPhase;
			buildActionMask = 2147483647;
			files = (
			);
			runOnlyForDeploymentPostprocessing = 0;
		};
		B9BC33822FD8800000F40E35 /* Sources */ = {
			isa = PBXSourcesBuildPhase;
			buildActionMask = 2147483647;
			files = (
			);
			runOnlyForDeploymentPostprocessing = 0;
		};
		B9BC33902FD8A00000F40E35 /* Sources */ = {
			isa = PBXSourcesBuildPhase;
			buildActionMask = 2147483647;
			files = (
			);
			runOnlyForDeploymentPostprocessing = 0;
		};
/* End PBXSourcesBuildPhase section */

/* Begin PBXTargetDependency section */
		B9BC338A2FD8800000F40E35 /* PBXTargetDependency */ = {
			isa = PBXTargetDependency;
			target = B9BC334C2FD6C95400F40E35 /* maohuoban */;
			targetProxy = B9BC33892FD8800000F40E35 /* PBXContainerItemProxy */;
		};
		B9BC33932FD8A00000F40E35 /* PBXTargetDependency */ = {
			isa = PBXTargetDependency;
			target = B9BC334C2FD6C95400F40E35 /* maohuoban */;
			targetProxy = B9BC33922FD8A00000F40E35 /* PBXContainerItemProxy */;
		};
/* End PBXTargetDependency section */

/* Begin XCBuildConfiguration section */
		B9BC33562FD6C95400F40E35 /* Debug */ = {
			isa = XCBuildConfiguration;
			buildSettings = {
				ALWAYS_SEARCH_USER_PATHS = NO;
				ASSETCATALOG_COMPILER_GENERATE_SWIFT_ASSET_SYMBOL_EXTENSIONS = YES;
				CLANG_ANALYZER_NONNULL = YES;
				CLANG_ANALYZER_NUMBER_OBJECT_CONVERSION = YES_AGGRESSIVE;
				CLANG_CXX_LANGUAGE_STANDARD = "gnu++20";
				CLANG_ENABLE_MODULES = YES;
				CLANG_ENABLE_OBJC_ARC = YES;
				CLANG_ENABLE_OBJC_WEAK = YES;
				CLANG_WARN_BLOCK_CAPTURE_AUTORELEASING = YES;
				CLANG_WARN_BOOL_CONVERSION = YES;
				CLANG_WARN_COMMA = YES;
				CLANG_WARN_CONSTANT_CONVERSION = YES;
				CLANG_WARN_DEPRECATED_OBJC_IMPLEMENTATIONS = YES;
				CLANG_WARN_DIRECT_OBJC_ISA_USAGE = YES_ERROR;
				CLANG_WARN_DOCUMENTATION_COMMENTS = YES;
				CLANG_WARN_EMPTY_BODY = YES;
				CLANG_WARN_ENUM_CONVERSION = YES;
				CLANG_WARN_INFINITE_RECURSION = YES;
				CLANG_WARN_INT_CONVERSION = YES;
				CLANG_WARN_NON_LITERAL_NULL_CONVERSION = YES;
				CLANG_WARN_OBJC_IMPLICIT_RETAIN_SELF = YES;
				CLANG_WARN_OBJC_LITERAL_CONVERSION = YES;
				CLANG_WARN_OBJC_ROOT_CLASS = YES_ERROR;
				CLANG_WARN_QUOTED_INCLUDE_IN_FRAMEWORK_HEADER = YES;
				CLANG_WARN_RANGE_LOOP_ANALYSIS = YES;
				CLANG_WARN_STRICT_PROTOTYPES = YES;
				CLANG_WARN_SUSPICIOUS_MOVE = YES;
				CLANG_WARN_UNGUARDED_AVAILABILITY = YES_AGGRESSIVE;
				CLANG_WARN_UNREACHABLE_CODE = YES;
				CLANG_WARN__DUPLICATE_METHOD_MATCH = YES;
				COPY_PHASE_STRIP = NO;
				DEBUG_INFORMATION_FORMAT = dwarf;
				DEVELOPMENT_TEAM = 42LNLCG255;
				ENABLE_STRICT_OBJC_MSGSEND = YES;
				ENABLE_TESTABILITY = YES;
				ENABLE_USER_SCRIPT_SANDBOXING = YES;
				GCC_C_LANGUAGE_STANDARD = gnu17;
				GCC_DYNAMIC_NO_PIC = NO;
				GCC_NO_COMMON_BLOCKS = YES;
				GCC_OPTIMIZATION_LEVEL = 0;
				GCC_PREPROCESSOR_DEFINITIONS = (
					"DEBUG=1",
					"$(inherited)",
				);
				GCC_WARN_64_TO_32_BIT_CONVERSION = YES;
				GCC_WARN_ABOUT_RETURN_TYPE = YES_ERROR;
				GCC_WARN_UNDECLARED_SELECTOR = YES;
				GCC_WARN_UNINITIALIZED_AUTOS = YES_AGGRESSIVE;
				GCC_WARN_UNUSED_FUNCTION = YES;
				GCC_WARN_UNUSED_VARIABLE = YES;
				IPHONEOS_DEPLOYMENT_TARGET = 27.0;
				LOCALIZATION_PREFERS_STRING_CATALOGS = YES;
				MTL_ENABLE_DEBUG_INFO = INCLUDE_SOURCE;
				MTL_FAST_MATH = YES;
				ONLY_ACTIVE_ARCH = YES;
				SDKROOT = iphoneos;
				SWIFT_ACTIVE_COMPILATION_CONDITIONS = "DEBUG $(inherited)";
				SWIFT_OPTIMIZATION_LEVEL = "-Onone";
			};
			name = Debug;
		};
		B9BC33572FD6C95400F40E35 /* Release */ = {
			isa = XCBuildConfiguration;
			buildSettings = {
				ALWAYS_SEARCH_USER_PATHS = NO;
				ASSETCATALOG_COMPILER_GENERATE_SWIFT_ASSET_SYMBOL_EXTENSIONS = YES;
				CLANG_ANALYZER_NONNULL = YES;
				CLANG_ANALYZER_NUMBER_OBJECT_CONVERSION = YES_AGGRESSIVE;
				CLANG_CXX_LANGUAGE_STANDARD = "gnu++20";
				CLANG_ENABLE_MODULES = YES;
				CLANG_ENABLE_OBJC_ARC = YES;
				CLANG_ENABLE_OBJC_WEAK = YES;
				CLANG_WARN_BLOCK_CAPTURE_AUTORELEASING = YES;
				CLANG_WARN_BOOL_CONVERSION = YES;
				CLANG_WARN_COMMA = YES;
				CLANG_WARN_CONSTANT_CONVERSION = YES;
				CLANG_WARN_DEPRECATED_OBJC_IMPLEMENTATIONS = YES;
				CLANG_WARN_DIRECT_OBJC_ISA_USAGE = YES_ERROR;
				CLANG_WARN_DOCUMENTATION_COMMENTS = YES;
				CLANG_WARN_EMPTY_BODY = YES;
				CLANG_WARN_ENUM_CONVERSION = YES;
				CLANG_WARN_INFINITE_RECURSION = YES;
				CLANG_WARN_INT_CONVERSION = YES;
				CLANG_WARN_NON_LITERAL_NULL_CONVERSION = YES;
				CLANG_WARN_OBJC_IMPLICIT_RETAIN_SELF = YES;
				CLANG_WARN_OBJC_LITERAL_CONVERSION = YES;
				CLANG_WARN_OBJC_ROOT_CLASS = YES_ERROR;
				CLANG_WARN_QUOTED_INCLUDE_IN_FRAMEWORK_HEADER = YES;
				CLANG_WARN_RANGE_LOOP_ANALYSIS = YES;
				CLANG_WARN_STRICT_PROTOTYPES = YES;
				CLANG_WARN_SUSPICIOUS_MOVE = YES;
				CLANG_WARN_UNGUARDED_AVAILABILITY = YES_AGGRESSIVE;
				CLANG_WARN_UNREACHABLE_CODE = YES;
				CLANG_WARN__DUPLICATE_METHOD_MATCH = YES;
				COPY_PHASE_STRIP = NO;
				DEBUG_INFORMATION_FORMAT = "dwarf-with-dsym";
				DEVELOPMENT_TEAM = 42LNLCG255;
				ENABLE_NS_ASSERTIONS = NO;
				ENABLE_STRICT_OBJC_MSGSEND = YES;
				ENABLE_USER_SCRIPT_SANDBOXING = YES;
				GCC_C_LANGUAGE_STANDARD = gnu17;
				GCC_NO_COMMON_BLOCKS = YES;
				GCC_WARN_64_TO_32_BIT_CONVERSION = YES;
				GCC_WARN_ABOUT_RETURN_TYPE = YES_ERROR;
				GCC_WARN_UNDECLARED_SELECTOR = YES;
				GCC_WARN_UNINITIALIZED_AUTOS = YES_AGGRESSIVE;
				GCC_WARN_UNUSED_FUNCTION = YES;
				GCC_WARN_UNUSED_VARIABLE = YES;
				IPHONEOS_DEPLOYMENT_TARGET = 27.0;
				LOCALIZATION_PREFERS_STRING_CATALOGS = YES;
				MTL_ENABLE_DEBUG_INFO = NO;
				MTL_FAST_MATH = YES;
				SDKROOT = iphoneos;
				SWIFT_COMPILATION_MODE = wholemodule;
				VALIDATE_PRODUCT = YES;
			};
			name = Release;
		};
		B9BC33592FD6C95400F40E35 /* Debug */ = {
			isa = XCBuildConfiguration;
			buildSettings = {
				ASSETCATALOG_COMPILER_APPICON_NAME = AppIcon;
				ASSETCATALOG_COMPILER_GLOBAL_ACCENT_COLOR_NAME = AccentColor;
				CODE_SIGN_STYLE = Automatic;
				CURRENT_PROJECT_VERSION = 1;
				DEVELOPMENT_TEAM = 42LNLCG255;
				ENABLE_PREVIEWS = YES;
				GENERATE_INFOPLIST_FILE = YES;
				INFOPLIST_KEY_CFBundleDevelopmentRegion = "zh-Hans";
				INFOPLIST_KEY_CFBundleDisplayName = "毛伙伴";
				INFOPLIST_KEY_NSAppTransportSecurity_NSAllowsArbitraryLoads = YES;
				INFOPLIST_KEY_NSAppTransportSecurity_NSAllowsLocalNetworking = YES;
				INFOPLIST_KEY_NSCameraUsageDescription = "毛伙伴需要使用相机，用于向毛球添加宠物照片。";
				INFOPLIST_KEY_NSLocalNetworkUsageDescription = "毛伙伴需要连接同一局域网内的开发后端服务，用于真机调试登录和接口联调。";
				INFOPLIST_KEY_NSLocationWhenInUseUsageDescription = "毛伙伴需要使用当前位置，用于遛弯路线记录、首页和同城服务显示所在城市。";
				INFOPLIST_KEY_NSPhotoLibraryUsageDescription = "毛伙伴需要访问照片，用于为宠物档案选择头像和背景。";
				INFOPLIST_KEY_UILaunchScreen_Generation = YES;
				LD_RUNPATH_SEARCH_PATHS = (
					"$(inherited)",
					"@executable_path/Frameworks",
				);
				MARKETING_VERSION = 1.0;
				PRODUCT_BUNDLE_IDENTIFIER = com.jinyi.maohuoban;
				PRODUCT_NAME = "$(TARGET_NAME)";
				STRING_CATALOG_GENERATE_SYMBOLS = YES;
				SWIFT_APPROACHABLE_CONCURRENCY = YES;
				SWIFT_DEFAULT_ACTOR_ISOLATION = MainActor;
				SWIFT_EMIT_LOC_STRINGS = YES;
				SWIFT_UPCOMING_FEATURE_MEMBER_IMPORT_VISIBILITY = YES;
				SWIFT_VERSION = 6.0;
				TARGETED_DEVICE_FAMILY = 1;
			};
			name = Debug;
		};
		B9BC335A2FD6C95400F40E35 /* Release */ = {
			isa = XCBuildConfiguration;
			buildSettings = {
				ASSETCATALOG_COMPILER_APPICON_NAME = AppIcon;
				ASSETCATALOG_COMPILER_GLOBAL_ACCENT_COLOR_NAME = AccentColor;
				CODE_SIGN_STYLE = Automatic;
				CURRENT_PROJECT_VERSION = 1;
				DEVELOPMENT_TEAM = 42LNLCG255;
				ENABLE_PREVIEWS = YES;
				GENERATE_INFOPLIST_FILE = YES;
				INFOPLIST_KEY_CFBundleDevelopmentRegion = "zh-Hans";
				INFOPLIST_KEY_CFBundleDisplayName = "毛伙伴";
				INFOPLIST_KEY_NSAppTransportSecurity_NSAllowsArbitraryLoads = YES;
				INFOPLIST_KEY_NSAppTransportSecurity_NSAllowsLocalNetworking = YES;
				INFOPLIST_KEY_NSCameraUsageDescription = "毛伙伴需要使用相机，用于向毛球添加宠物照片。";
				INFOPLIST_KEY_NSLocalNetworkUsageDescription = "毛伙伴需要连接同一局域网内的开发后端服务，用于真机调试登录和接口联调。";
				INFOPLIST_KEY_NSLocationWhenInUseUsageDescription = "毛伙伴需要使用当前位置，用于遛弯路线记录、首页和同城服务显示所在城市。";
				INFOPLIST_KEY_NSPhotoLibraryUsageDescription = "毛伙伴需要访问照片，用于为宠物档案选择头像和背景。";
				INFOPLIST_KEY_UILaunchScreen_Generation = YES;
				LD_RUNPATH_SEARCH_PATHS = (
					"$(inherited)",
					"@executable_path/Frameworks",
				);
				MARKETING_VERSION = 1.0;
				PRODUCT_BUNDLE_IDENTIFIER = com.jinyi.maohuoban;
				PRODUCT_NAME = "$(TARGET_NAME)";
				STRING_CATALOG_GENERATE_SYMBOLS = YES;
				SWIFT_APPROACHABLE_CONCURRENCY = YES;
				SWIFT_DEFAULT_ACTOR_ISOLATION = MainActor;
				SWIFT_EMIT_LOC_STRINGS = YES;
				SWIFT_UPCOMING_FEATURE_MEMBER_IMPORT_VISIBILITY = YES;
				SWIFT_VERSION = 6.0;
				TARGETED_DEVICE_FAMILY = 1;
			};
			name = Release;
		};
		B9BC33872FD8800000F40E35 /* Debug */ = {
			isa = XCBuildConfiguration;
			buildSettings = {
				ALWAYS_EMBED_SWIFT_STANDARD_LIBRARIES = YES;
				CODE_SIGN_STYLE = Automatic;
				CURRENT_PROJECT_VERSION = 1;
				DEVELOPMENT_TEAM = 42LNLCG255;
				ENABLE_APP_INTENTS_METADATA_EXTRACTION = NO;
				GENERATE_INFOPLIST_FILE = YES;
				IPHONEOS_DEPLOYMENT_TARGET = 27.0;
				MARKETING_VERSION = 1.0;
				PRODUCT_BUNDLE_IDENTIFIER = com.jinyi.maohuobanUITests;
				PRODUCT_NAME = "$(TARGET_NAME)";
				SDKROOT = iphoneos;
				SWIFT_APPROACHABLE_CONCURRENCY = YES;
				SWIFT_EMIT_LOC_STRINGS = NO;
				SWIFT_UPCOMING_FEATURE_MEMBER_IMPORT_VISIBILITY = YES;
				SWIFT_VERSION = 6.0;
				TARGETED_DEVICE_FAMILY = 1;
				TEST_TARGET_NAME = maohuoban;
			};
			name = Debug;
		};
		B9BC33882FD8800000F40E35 /* Release */ = {
			isa = XCBuildConfiguration;
			buildSettings = {
				ALWAYS_EMBED_SWIFT_STANDARD_LIBRARIES = YES;
				CODE_SIGN_STYLE = Automatic;
				CURRENT_PROJECT_VERSION = 1;
				DEVELOPMENT_TEAM = 42LNLCG255;
				ENABLE_APP_INTENTS_METADATA_EXTRACTION = NO;
				GENERATE_INFOPLIST_FILE = YES;
				IPHONEOS_DEPLOYMENT_TARGET = 27.0;
				MARKETING_VERSION = 1.0;
				PRODUCT_BUNDLE_IDENTIFIER = com.jinyi.maohuobanUITests;
				PRODUCT_NAME = "$(TARGET_NAME)";
				SDKROOT = iphoneos;
				SWIFT_APPROACHABLE_CONCURRENCY = YES;
				SWIFT_EMIT_LOC_STRINGS = NO;
				SWIFT_UPCOMING_FEATURE_MEMBER_IMPORT_VISIBILITY = YES;
				SWIFT_VERSION = 6.0;
				TARGETED_DEVICE_FAMILY = 1;
				TEST_TARGET_NAME = maohuoban;
			};
			name = Release;
		};
		B9BC33952FD8A00000F40E35 /* Debug */ = {
			isa = XCBuildConfiguration;
			buildSettings = {
				ALWAYS_EMBED_SWIFT_STANDARD_LIBRARIES = YES;
				BUNDLE_LOADER = "$(TEST_HOST)";
				CODE_SIGN_STYLE = Automatic;
				CURRENT_PROJECT_VERSION = 1;
				DEVELOPMENT_TEAM = 42LNLCG255;
				ENABLE_APP_INTENTS_METADATA_EXTRACTION = NO;
				GENERATE_INFOPLIST_FILE = YES;
				IPHONEOS_DEPLOYMENT_TARGET = 27.0;
				MARKETING_VERSION = 1.0;
				PRODUCT_BUNDLE_IDENTIFIER = com.jinyi.maohuobanTests;
				PRODUCT_NAME = "$(TARGET_NAME)";
				SDKROOT = iphoneos;
				SWIFT_APPROACHABLE_CONCURRENCY = YES;
				SWIFT_EMIT_LOC_STRINGS = NO;
				SWIFT_UPCOMING_FEATURE_MEMBER_IMPORT_VISIBILITY = YES;
				SWIFT_VERSION = 6.0;
				TARGETED_DEVICE_FAMILY = 1;
				TEST_HOST = "$(BUILT_PRODUCTS_DIR)/maohuoban.app/$(BUNDLE_EXECUTABLE_FOLDER_PATH)/maohuoban";
			};
			name = Debug;
		};
		B9BC33962FD8A00000F40E35 /* Release */ = {
			isa = XCBuildConfiguration;
			buildSettings = {
				ALWAYS_EMBED_SWIFT_STANDARD_LIBRARIES = YES;
				BUNDLE_LOADER = "$(TEST_HOST)";
				CODE_SIGN_STYLE = Automatic;
				CURRENT_PROJECT_VERSION = 1;
				DEVELOPMENT_TEAM = 42LNLCG255;
				ENABLE_APP_INTENTS_METADATA_EXTRACTION = NO;
				GENERATE_INFOPLIST_FILE = YES;
				IPHONEOS_DEPLOYMENT_TARGET = 27.0;
				MARKETING_VERSION = 1.0;
				PRODUCT_BUNDLE_IDENTIFIER = com.jinyi.maohuobanTests;
				PRODUCT_NAME = "$(TARGET_NAME)";
				SDKROOT = iphoneos;
				SWIFT_APPROACHABLE_CONCURRENCY = YES;
				SWIFT_EMIT_LOC_STRINGS = NO;
				SWIFT_UPCOMING_FEATURE_MEMBER_IMPORT_VISIBILITY = YES;
				SWIFT_VERSION = 6.0;
				TARGETED_DEVICE_FAMILY = 1;
				TEST_HOST = "$(BUILT_PRODUCTS_DIR)/maohuoban.app/$(BUNDLE_EXECUTABLE_FOLDER_PATH)/maohuoban";
			};
			name = Release;
		};
/* End XCBuildConfiguration section */

/* Begin XCConfigurationList section */
		B9BC33482FD6C95400F40E35 /* Build configuration list for PBXProject "maohuoban" */ = {
			isa = XCConfigurationList;
			buildConfigurations = (
				B9BC33562FD6C95400F40E35 /* Debug */,
				B9BC33572FD6C95400F40E35 /* Release */,
			);
			defaultConfigurationIsVisible = 0;
			defaultConfigurationName = Debug;
		};
		B9BC33582FD6C95400F40E35 /* Build configuration list for PBXNativeTarget "maohuoban" */ = {
			isa = XCConfigurationList;
			buildConfigurations = (
				B9BC33592FD6C95400F40E35 /* Debug */,
				B9BC335A2FD6C95400F40E35 /* Release */,
			);
			defaultConfigurationIsVisible = 0;
			defaultConfigurationName = Debug;
		};
		B9BC33862FD8800000F40E35 /* Build configuration list for PBXNativeTarget "maohuobanUITests" */ = {
			isa = XCConfigurationList;
			buildConfigurations = (
				B9BC33872FD8800000F40E35 /* Debug */,
				B9BC33882FD8800000F40E35 /* Release */,
			);
			defaultConfigurationIsVisible = 0;
			defaultConfigurationName = Debug;
		};
		B9BC33942FD8A00000F40E35 /* Build configuration list for PBXNativeTarget "maohuobanTests" */ = {
			isa = XCConfigurationList;
			buildConfigurations = (
				B9BC33952FD8A00000F40E35 /* Debug */,
				B9BC33962FD8A00000F40E35 /* Release */,
			);
			defaultConfigurationIsVisible = 0;
			defaultConfigurationName = Debug;
		};
/* End XCConfigurationList section */

/* Begin XCLocalSwiftPackageReference section */
		B9BC33622FD6D70000F40E35 /* XCLocalSwiftPackageReference "../maohuoban-diagnostics-sdk/swift" */ = {
			isa = XCLocalSwiftPackageReference;
			relativePath = "../maohuoban-diagnostics-sdk/swift";
		};
		B9BC33722FD7200000F40E35 /* XCLocalSwiftPackageReference "Packages/MaohuobanDesignSystem" */ = {
			isa = XCLocalSwiftPackageReference;
			relativePath = Packages/MaohuobanDesignSystem;
		};
/* End XCLocalSwiftPackageReference section */

/* Begin XCRemoteSwiftPackageReference section */
		B9BC33A22FD9800000F40E35 /* XCRemoteSwiftPackageReference "proton" */ = {
			isa = XCRemoteSwiftPackageReference;
			repositoryURL = "https://github.com/fengjinyi98/proton.git";
			requirement = {
				kind = revision;
				revision = 30c0f87c48ccba6f89935d16096b6c01c204a82d;
			};
		};
/* End XCRemoteSwiftPackageReference section */

/* Begin XCSwiftPackageProductDependency section */
		B9BC33612FD6D70000F40E35 /* MaohuobanDiagnostics */ = {
			isa = XCSwiftPackageProductDependency;
			package = B9BC33622FD6D70000F40E35 /* XCLocalSwiftPackageReference "../maohuoban-diagnostics-sdk/swift" */;
			productName = MaohuobanDiagnostics;
		};
		B9BC33712FD7200000F40E35 /* MaohuobanDesignSystem */ = {
			isa = XCSwiftPackageProductDependency;
			package = B9BC33722FD7200000F40E35 /* XCLocalSwiftPackageReference "Packages/MaohuobanDesignSystem" */;
			productName = MaohuobanDesignSystem;
		};
		B9BC33A02FD9800000F40E35 /* Proton */ = {
			isa = XCSwiftPackageProductDependency;
			package = B9BC33A22FD9800000F40E35 /* XCRemoteSwiftPackageReference "proton" */;
			productName = Proton;
		};
/* End XCSwiftPackageProductDependency section */
	};
	rootObject = B9BC33452FD6C95400F40E35 /* Project object */;
}
